
Microsoft Visual Studio Solution File, Format Version 12.00
# Visual Studio Version 17
VisualStudioVersion = 17.10.34928.147
MinimumVisualStudioVersion = 10.0.40219.1
Project("{FAE04EC0-301F-11D3-BF4B-00C04F79EFBC}") = "restaurant-web-app", "restaurant-web-app\restaurant-web-app.csproj", "{2DC2E46C-7F5A-437E-AB94-C9A6A783E76A}"
EndProject
Global
	GlobalSection(SolutionConfigurationPlatforms) = preSolution
		Debug|Any CPU = Debug|Any CPU
		Release|Any CPU = Release|Any CPU
	EndGlobalSection
	GlobalSection(ProjectConfigurationPlatforms) = postSolution
		{2DC2E46C-7F5A-437E-AB94-C9A6A783E76A}.Debug|Any CPU.ActiveCfg = Debug|Any CPU
		{2DC2E46C-7F5A-437E-AB94-C9A6A783E76A}.Debug|Any CPU.Build.0 = Debug|Any CPU
		{2DC2E46C-7F5A-437E-AB94-C9A6A783E76A}.Release|Any CPU.ActiveCfg = Release|Any CPU
		{2DC2E46C-7F5A-437E-AB94-C9A6A783E76A}.Release|Any CPU.Build.0 = Release|Any CPU
	EndGlobalSection
	GlobalSection(SolutionProperties) = preSolution
		HideSolutionNode = FALSE
	EndGlobalSection
	GlobalSection(ExtensibilityGlobals) = postSolution
		SolutionGuid = {71CAF65E-B9D8-4537-8B97-C34B5D9CD7FE}
	EndGlobalSection
EndGlobal
